
Microsoft Visual Studio Solution File, Format Version 12.00
# Visual Studio 2012
Project("{FAE04EC0-301F-11D3-BF4B-00C04F79EFBC}") = "twilio_git", "twilio_git\twilio_git.csproj", "{5908BA86-9C11-4E3D-885B-A21A648B1015}"
EndProject
Project("{FAE04EC0-301F-11D3-BF4B-00C04F79EFBC}") = "twilio_git.Tests", "twilio_git.Tests\twilio_git.Tests.csproj", "{3466321A-FD36-45CA-8480-BF646E18113E}"
EndProject
Global
	GlobalSection(SolutionConfigurationPlatforms) = preSolution
		Debug|Any CPU = Debug|Any CPU
		Release|Any CPU = Release|Any CPU
	EndGlobalSection
	GlobalSection(ProjectConfigurationPlatforms) = postSolution
		{5908BA86-9C11-4E3D-885B-A21A648B1015}.Debug|Any CPU.ActiveCfg = Debug|Any CPU
		{5908BA86-9C11-4E3D-885B-A21A648B1015}.Debug|Any CPU.Build.0 = Debug|Any CPU
		{5908BA86-9C11-4E3D-885B-A21A648B1015}.Release|Any CPU.ActiveCfg = Release|Any CPU
		{5908BA86-9C11-4E3D-885B-A21A648B1015}.Release|Any CPU.Build.0 = Release|Any CPU
		{3466321A-FD36-45CA-8480-BF646E18113E}.Debug|Any CPU.ActiveCfg = Debug|Any CPU
		{3466321A-FD36-45CA-8480-BF646E18113E}.Debug|Any CPU.Build.0 = Debug|Any CPU
		{3466321A-FD36-45CA-8480-BF646E18113E}.Release|Any CPU.ActiveCfg = Release|Any CPU
		{3466321A-FD36-45CA-8480-BF646E18113E}.Release|Any CPU.Build.0 = Release|Any CPU
	EndGlobalSection
EndGlobal
